PODS:
  - Alamofire (5.8.1)
  - SDWebImage (5.18.7):
    - SDWebImage/Core (= 5.18.7)
  - SDWebImage/Core (5.18.7)

DEPENDENCIES:
  - Alamofire (~> 5.2)
  - SDWebImage

SPEC REPOS:
  trunk:
    - Alamofire
    - SDWebImage

SPEC CHECKSUMS:
  Alamofire: 3ca42e259043ee0dc5c0cdd76c4bc568b8e42af7
  SDWebImage: f9258c58221ed854cfa0e2b80ee4033710b1c6d3

PODFILE CHECKSUM: e50d2297464aedf7d95e3d11b5c6c464b42f9022

COCOAPODS: 1.12.1
